
Microsoft Visual Studio Solution File, Format Version 12.00
# Visual Studio Version 16
VisualStudioVersion = 16.0.29306.81
MinimumVisualStudioVersion = 10.0.40219.1
Project("{9A19103F-16F7-4668-BE54-9A1E7A4F7556}") = "TestApi", "TestApi\TestApi.csproj", "{C2059645-482B-44DC-BE62-3627154F28E3}"
EndProject
Project("{FAE04EC0-301F-11D3-BF4B-00C04F79EFBC}") = "TestApi.Contracts", "TestApi.Contracts\TestApi.Contracts.csproj", "{00997CF2-C62A-47C6-8239-5F4DD90AC05A}"
EndProject
Global
	GlobalSection(SolutionConfigurationPlatforms) = preSolution
		Debug|Any CPU = Debug|Any CPU
		Release|Any CPU = Release|Any CPU
	EndGlobalSection
	GlobalSection(ProjectConfigurationPlatforms) = postSolution
		{C2059645-482B-44DC-BE62-3627154F28E3}.Debug|Any CPU.ActiveCfg = Debug|Any CPU
		{C2059645-482B-44DC-BE62-3627154F28E3}.Debug|Any CPU.Build.0 = Debug|Any CPU
		{C2059645-482B-44DC-BE62-3627154F28E3}.Release|Any CPU.ActiveCfg = Release|Any CPU
		{C2059645-482B-44DC-BE62-3627154F28E3}.Release|Any CPU.Build.0 = Release|Any CPU
		{00997CF2-C62A-47C6-8239-5F4DD90AC05A}.Debug|Any CPU.ActiveCfg = Debug|Any CPU
		{00997CF2-C62A-47C6-8239-5F4DD90AC05A}.Debug|Any CPU.Build.0 = Debug|Any CPU
		{00997CF2-C62A-47C6-8239-5F4DD90AC05A}.Release|Any CPU.ActiveCfg = Release|Any CPU
		{00997CF2-C62A-47C6-8239-5F4DD90AC05A}.Release|Any CPU.Build.0 = Release|Any CPU
	EndGlobalSection
	GlobalSection(SolutionProperties) = preSolution
		HideSolutionNode = FALSE
	EndGlobalSection
	GlobalSection(ExtensibilityGlobals) = postSolution
		SolutionGuid = {0BBD787D-B7CC-494F-B814-A0FF1A2165D9}
	EndGlobalSection
EndGlobal
